// !$*UTF8*$!
{
	archiveVersion = 1;
	classes = {
	};
	objectVersion = 70;
	objects = {

/* Begin PBXBuildFile section */
		57DD37FF300176320099492A /* Sparkle in Frameworks */ = {isa = PBXBuildFile; productRef = 57DD37FE300176320099492A /* Sparkle */; };
/* End PBXBuildFile section */

/* Begin PBXContainerItemProxy section */
		1A0000000000000000000030 /* PBXContainerItemProxy */ = {
			isa = PBXContainerItemProxy;
			containerPortal = 1A0000000000000000000001 /* Project object */;
			proxyType = 1;
			remoteGlobalIDString = 1A0000000000000000000010;
			remoteInfo = Crema;
		};
/* End PBXContainerItemProxy section */

/* Begin PBXFileReference section */
		1A0000000000000000000011 /* Crema.app */ = {isa = PBXFileReference; explicitFileType = wrapper.application; includeInIndex = 0; path = Crema.app; sourceTree = BUILT_PRODUCTS_DIR; };
		1A0000000000000000000021 /* CremaTests.xctest */ = {isa = PBXFileReference; explicitFileType = wrapper.cfbundle; includeInIndex = 0; path = CremaTests.xctest; sourceTree = BUILT_PRODUCTS_DIR; };
/* End PBXFileReference section */

/* Begin PBXFileSystemSynchronizedBuildFileExceptionSet section */
		57DD3800300176320099492A /* PBXFileSystemSynchronizedBuildFileExceptionSet */ = {
			isa = PBXFileSystemSynchronizedBuildFileExceptionSet;
			membershipExceptions = (
				Info.plist,
			);
			target = 1A0000000000000000000010 /* Crema */;
		};
/* End PBXFileSystemSynchronizedBuildFileExceptionSet section */

/* Begin PBXFileSystemSynchronizedRootGroup section */
		1A0000000000000000000015 /* Crema */ = {isa = PBXFileSystemSynchronizedRootGroup; exceptions = (57DD3800300176320099492A /* PBXFileSystemSynchronizedBuildFileExceptionSet */, ); explicitFileTypes = {}; explicitFolders = (); path = Crema; sourceTree = "<group>"; };
		1A0000000000000000000025 /* CremaTests */ = {isa = PBXFileSystemSynchronizedRootGroup; explicitFileTypes = {}; explicitFolders = (); path = CremaTests; sourceTree = "<group>"; };
/* End PBXFileSystemSynchronizedRootGroup section */

/* Begin PBXFrameworksBuildPhase section */
		1A0000000000000000000013 /* Frameworks */ = {
			isa = PBXFrameworksBuildPhase;
			buildActionMask = 2147483647;
			files = (
				57DD37FF300176320099492A /* Sparkle in Frameworks */,
			);
			runOnlyForDeploymentPostprocessing = 0;
		};
		1A0000000000000000000023 /* Frameworks */ = {
			isa = PBXFrameworksBuildPhase;
			buildActionMask = 2147483647;
			files = (
			);
			runOnlyForDeploymentPostprocessing = 0;
		};
/* End PBXFrameworksBuildPhase section */

/* Begin PBXGroup section */
		1A0000000000000000000002 = {
			isa = PBXGroup;
			children = (
				1A0000000000000000000015 /* Crema */,
				1A0000000000000000000025 /* CremaTests */,
				1A0000000000000000000003 /* Products */,
			);
			sourceTree = "<group>";
		};
		1A0000000000000000000003 /* Products */ = {
			isa = PBXGroup;
			children = (
				1A0000000000000000000011 /* Crema.app */,
				1A0000000000000000000021 /* CremaTests.xctest */,
			);
			name = Products;
			sourceTree = "<group>";
		};
/* End PBXGroup section */

/* Begin PBXNativeTarget section */
		1A0000000000000000000010 /* Crema */ = {
			isa = PBXNativeTarget;
			buildConfigurationList = 1A0000000000000000000016 /* Build configuration list for PBXNativeTarget "Crema" */;
			buildPhases = (
				1A0000000000000000000012 /* Sources */,
				1A0000000000000000000013 /* Frameworks */,
				1A0000000000000000000014 /* Resources */,
				1A0000000000000000000040 /* Embed mediaremote-adapter */,
			);
			buildRules = (
			);
			dependencies = (
			);
			fileSystemSynchronizedGroups = (
				1A0000000000000000000015 /* Crema */,
			);
			name = Crema;
			packageProductDependencies = (
				57DD37FE300176320099492A /* Sparkle */,
			);
			productName = Crema;
			productReference = 1A0000000000000000000011 /* Crema.app */;
			productType = "com.apple.product-type.application";
		};
		1A0000000000000000000020 /* CremaTests */ = {
			isa = PBXNativeTarget;
			buildConfigurationList = 1A0000000000000000000026 /* Build configuration list for PBXNativeTarget "CremaTests" */;
			buildPhases = (
				1A0000000000000000000022 /* Sources */,
				1A0000000000000000000023 /* Frameworks */,
				1A0000000000000000000024 /* Resources */,
			);
			buildRules = (
			);
			dependencies = (
				1A0000000000000000000031 /* PBXTargetDependency */,
			);
			fileSystemSynchronizedGroups = (
				1A0000000000000000000025 /* CremaTests */,
			);
			name = CremaTests;
			packageProductDependencies = (
			);
			productName = CremaTests;
			productReference = 1A0000000000000000000021 /* CremaTests.xctest */;
			productType = "com.apple.product-type.bundle.unit-test";
		};
/* End PBXNativeTarget section */

/* Begin PBXProject section */
		1A0000000000000000000001 /* Project object */ = {
			isa = PBXProject;
			attributes = {
				BuildIndependentTargetsInParallel = 1;
				LastSwiftUpdateCheck = 1600;
				LastUpgradeCheck = 1600;
				TargetAttributes = {
					1A0000000000000000000010 = {
						CreatedOnToolsVersion = 16.0;
					};
					1A0000000000000000000020 = {
						CreatedOnToolsVersion = 16.0;
						TestTargetID = 1A0000000000000000000010;
					};
				};
			};
			buildConfigurationList = 1A0000000000000000000004 /* Build configuration list for PBXProject "Crema" */;
			compatibilityVersion = "Xcode 15.0";
			developmentRegion = en;
			hasScannedForEncodings = 0;
			knownRegions = (
				en,
				Base,
				"pt-BR",
			);
			mainGroup = 1A0000000000000000000002;
			minimizedProjectReferenceProxies = 1;
			packageReferences = (
				57DD37FD300176320099492A /* XCRemoteSwiftPackageReference "Sparkle" */,
			);
			productRefGroup = 1A0000000000000000000003 /* Products */;
			projectDirPath = "";
			projectRoot = "";
			targets = (
				1A0000000000000000000010 /* Crema */,
				1A0000000000000000000020 /* CremaTests */,
			);
		};
/* End PBXProject section */

/* Begin PBXResourcesBuildPhase section */
		1A0000000000000000000014 /* Resources */ = {
			isa = PBXResourcesBuildPhase;
			buildActionMask = 2147483647;
			files = (
			);
			runOnlyForDeploymentPostprocessing = 0;
		};
		1A0000000000000000000024 /* Resources */ = {
			isa = PBXResourcesBuildPhase;
			buildActionMask = 2147483647;
			files = (
			);
			runOnlyForDeploymentPostprocessing = 0;
		};
/* End PBXResourcesBuildPhase section */

/* Begin PBXShellScriptBuildPhase section */
		1A0000000000000000000040 /* Embed mediaremote-adapter */ = {
			isa = PBXShellScriptBuildPhase;
			alwaysOutOfDate = 1;
			buildActionMask = 2147483647;
			files = (
			);
			inputPaths = (
				"$(SRCROOT)/ThirdParty/mediaremote-adapter",
			);
			name = "Embed mediaremote-adapter";
			outputPaths = (
				"$(BUILT_PRODUCTS_DIR)/$(UNLOCALIZED_RESOURCES_FOLDER_PATH)/mediaremote-adapter",
			);
			runOnlyForDeploymentPostprocessing = 0;
			shellPath = /bin/sh;
			shellScript = "# Vendored mediaremote-adapter (ThirdParty/) copied into the app bundle\n# Resources at build time, symlinks preserved (no network at build).\nset -e\nSRC=\"${SRCROOT}/ThirdParty/mediaremote-adapter\"\nDST=\"${BUILT_PRODUCTS_DIR}/${UNLOCALIZED_RESOURCES_FOLDER_PATH}/mediaremote-adapter\"\nmkdir -p \"$(dirname \"$DST\")\"\nrsync -a --delete \"$SRC/\" \"$DST/\"\n";
		};
/* End PBXShellScriptBuildPhase section */

/* Begin PBXSourcesBuildPhase section */
		1A0000000000000000000012 /* Sources */ = {
			isa = PBXSourcesBuildPhase;
			buildActionMask = 2147483647;
			files = (
			);
			runOnlyForDeploymentPostprocessing = 0;
		};
		1A0000000000000000000022 /* Sources */ = {
			isa = PBXSourcesBuildPhase;
			buildActionMask = 2147483647;
			files = (
			);
			runOnlyForDeploymentPostprocessing = 0;
		};
/* End PBXSourcesBuildPhase section */

/* Begin PBXTargetDependency section */
		1A0000000000000000000031 /* PBXTargetDependency */ = {
			isa = PBXTargetDependency;
			target = 1A0000000000000000000010 /* Crema */;
			targetProxy = 1A0000000000000000000030 /* PBXContainerItemProxy */;
		};
/* End PBXTargetDependency section */

/* Begin XCBuildConfiguration section */
		1A0000000000000000000005 /* Debug */ = {
			isa = XCBuildConfiguration;
			buildSettings = {
				ALWAYS_SEARCH_USER_PATHS = NO;
				CLANG_ENABLE_MODULES = YES;
				CLANG_ENABLE_OBJC_ARC = YES;
				COPY_PHASE_STRIP = NO;
				DEBUG_INFORMATION_FORMAT = dwarf;
				ENABLE_STRICT_OBJC_MSGSEND = YES;
				ENABLE_TESTABILITY = YES;
				ENABLE_USER_SCRIPT_SANDBOXING = NO;
				GCC_C_LANGUAGE_STANDARD = gnu17;
				GCC_DYNAMIC_NO_PIC = NO;
				GCC_NO_COMMON_BLOCKS = YES;
				GCC_OPTIMIZATION_LEVEL = 0;
				GCC_PREPROCESSOR_DEFINITIONS = (
					"DEBUG=1",
					"$(inherited)",
				);
				LOCALIZATION_PREFERS_STRING_CATALOGS = YES;
				MACOSX_DEPLOYMENT_TARGET = 14.0;
				MTL_ENABLE_DEBUG_INFO = INCLUDE_SOURCE;
				MTL_FAST_MATH = YES;
				ONLY_ACTIVE_ARCH = YES;
				SDKROOT = macosx;
				SWIFT_ACTIVE_COMPILATION_CONDITIONS = "DEBUG $(inherited)";
				SWIFT_OPTIMIZATION_LEVEL = "-Onone";
			};
			name = Debug;
		};
		1A0000000000000000000006 /* Release */ = {
			isa = XCBuildConfiguration;
			buildSettings = {
				ALWAYS_SEARCH_USER_PATHS = NO;
				CLANG_ENABLE_MODULES = YES;
				CLANG_ENABLE_OBJC_ARC = YES;
				COPY_PHASE_STRIP = NO;
				DEBUG_INFORMATION_FORMAT = "dwarf-with-dsym";
				ENABLE_NS_ASSERTIONS = NO;
				ENABLE_STRICT_OBJC_MSGSEND = YES;
				ENABLE_USER_SCRIPT_SANDBOXING = NO;
				GCC_C_LANGUAGE_STANDARD = gnu17;
				GCC_NO_COMMON_BLOCKS = YES;
				LOCALIZATION_PREFERS_STRING_CATALOGS = YES;
				MACOSX_DEPLOYMENT_TARGET = 14.0;
				MTL_ENABLE_DEBUG_INFO = NO;
				MTL_FAST_MATH = YES;
				SDKROOT = macosx;
				SWIFT_COMPILATION_MODE = wholemodule;
				SWIFT_OPTIMIZATION_LEVEL = "-O";
			};
			name = Release;
		};
		1A0000000000000000000017 /* Debug */ = {
			isa = XCBuildConfiguration;
			buildSettings = {
				CODE_SIGN_IDENTITY = "-";
				CODE_SIGN_STYLE = Automatic;
				COMBINE_HIDPI_IMAGES = YES;
				CURRENT_PROJECT_VERSION = 1;
				ENABLE_HARDENED_RUNTIME = YES;
				ENABLE_PREVIEWS = YES;
				GENERATE_INFOPLIST_FILE = YES;
				INFOPLIST_FILE = Crema/Info.plist;
				INFOPLIST_KEY_CFBundleDisplayName = Crema;
				INFOPLIST_KEY_LSUIElement = YES;
				INFOPLIST_KEY_NSHumanReadableCopyright = "";
				LD_RUNPATH_SEARCH_PATHS = (
					"$(inherited)",
					"@executable_path/../Frameworks",
				);
				MARKETING_VERSION = 1.1.0;
				PRODUCT_BUNDLE_IDENTIFIER = com.colatte.crema;
				PRODUCT_NAME = Crema;
				SWIFT_EMIT_LOC_STRINGS = YES;
				SWIFT_VERSION = 5.0;
			};
			name = Debug;
		};
		1A0000000000000000000018 /* Release */ = {
			isa = XCBuildConfiguration;
			buildSettings = {
				CODE_SIGN_IDENTITY = "-";
				CODE_SIGN_STYLE = Automatic;
				COMBINE_HIDPI_IMAGES = YES;
				CURRENT_PROJECT_VERSION = 1;
				ENABLE_HARDENED_RUNTIME = YES;
				ENABLE_PREVIEWS = YES;
				GENERATE_INFOPLIST_FILE = YES;
				INFOPLIST_FILE = Crema/Info.plist;
				INFOPLIST_KEY_CFBundleDisplayName = Crema;
				INFOPLIST_KEY_LSUIElement = YES;
				INFOPLIST_KEY_NSHumanReadableCopyright = "";
				LD_RUNPATH_SEARCH_PATHS = (
					"$(inherited)",
					"@executable_path/../Frameworks",
				);
				MARKETING_VERSION = 1.1.0;
				PRODUCT_BUNDLE_IDENTIFIER = com.colatte.crema;
				PRODUCT_NAME = Crema;
				SWIFT_EMIT_LOC_STRINGS = YES;
				SWIFT_VERSION = 5.0;
			};
			name = Release;
		};
		1A0000000000000000000027 /* Debug */ = {
			isa = XCBuildConfiguration;
			buildSettings = {
				BUNDLE_LOADER = "$(TEST_HOST)";
				CODE_SIGN_STYLE = Automatic;
				CURRENT_PROJECT_VERSION = 1;
				GENERATE_INFOPLIST_FILE = YES;
				MARKETING_VERSION = 1.1.0;
				PRODUCT_BUNDLE_IDENTIFIER = com.colatte.cremaTests;
				PRODUCT_NAME = "$(TARGET_NAME)";
				SWIFT_EMIT_LOC_STRINGS = NO;
				SWIFT_VERSION = 5.0;
				TEST_HOST = "$(BUILT_PRODUCTS_DIR)/Crema.app/Contents/MacOS/Crema";
			};
			name = Debug;
		};
		1A0000000000000000000028 /* Release */ = {
			isa = XCBuildConfiguration;
			buildSettings = {
				BUNDLE_LOADER = "$(TEST_HOST)";
				CODE_SIGN_STYLE = Automatic;
				CURRENT_PROJECT_VERSION = 1;
				GENERATE_INFOPLIST_FILE = YES;
				MARKETING_VERSION = 1.1.0;
				PRODUCT_BUNDLE_IDENTIFIER = com.colatte.cremaTests;
				PRODUCT_NAME = "$(TARGET_NAME)";
				SWIFT_EMIT_LOC_STRINGS = NO;
				SWIFT_VERSION = 5.0;
				TEST_HOST = "$(BUILT_PRODUCTS_DIR)/Crema.app/Contents/MacOS/Crema";
			};
			name = Release;
		};
/* End XCBuildConfiguration section */

/* Begin XCConfigurationList section */
		1A0000000000000000000004 /* Build configuration list for PBXProject "Crema" */ = {
			isa = XCConfigurationList;
			buildConfigurations = (
				1A0000000000000000000005 /* Debug */,
				1A0000000000000000000006 /* Release */,
			);
			defaultConfigurationIsVisible = 0;
			defaultConfigurationName = Release;
		};
		1A0000000000000000000016 /* Build configuration list for PBXNativeTarget "Crema" */ = {
			isa = XCConfigurationList;
			buildConfigurations = (
				1A0000000000000000000017 /* Debug */,
				1A0000000000000000000018 /* Release */,
			);
			defaultConfigurationIsVisible = 0;
			defaultConfigurationName = Release;
		};
		1A0000000000000000000026 /* Build configuration list for PBXNativeTarget "CremaTests" */ = {
			isa = XCConfigurationList;
			buildConfigurations = (
				1A0000000000000000000027 /* Debug */,
				1A0000000000000000000028 /* Release */,
			);
			defaultConfigurationIsVisible = 0;
			defaultConfigurationName = Release;
		};
/* End XCConfigurationList section */

/* Begin XCRemoteSwiftPackageReference section */
		57DD37FD300176320099492A /* XCRemoteSwiftPackageReference "Sparkle" */ = {
			isa = XCRemoteSwiftPackageReference;
			repositoryURL = "https://github.com/sparkle-project/Sparkle";
			requirement = {
				kind = exactVersion;
				version = 2.9.4;
			};
		};
/* End XCRemoteSwiftPackageReference section */

/* Begin XCSwiftPackageProductDependency section */
		57DD37FE300176320099492A /* Sparkle */ = {
			isa = XCSwiftPackageProductDependency;
			package = 57DD37FD300176320099492A /* XCRemoteSwiftPackageReference "Sparkle" */;
			productName = Sparkle;
		};
/* End XCSwiftPackageProductDependency section */
	};
	rootObject = 1A0000000000000000000001 /* Project object */;
}
